
Microsoft Visual Studio Solution File, Format Version 12.00
# Visual Studio Version 17
VisualStudioVersion = 17.10.35122.118
MinimumVisualStudioVersion = 10.0.40219.1
Project("{9A19103F-16F7-4668-BE54-9A1E7A4F7556}") = "Quizlett", "Quizlett.csproj", "{3DAAA8DB-5C10-419C-910C-8BB1DF82FE68}"
EndProject
Global
	GlobalSection(SolutionConfigurationPlatforms) = preSolution
		Debug|Any CPU = Debug|Any CPU
		Release|Any CPU = Release|Any CPU
	EndGlobalSection
	GlobalSection(ProjectConfigurationPlatforms) = postSolution
		{3DAAA8DB-5C10-419C-910C-8BB1DF82FE68}.Debug|Any CPU.ActiveCfg = Debug|Any CPU
		{3DAAA8DB-5C10-419C-910C-8BB1DF82FE68}.Debug|Any CPU.Build.0 = Debug|Any CPU
		{3DAAA8DB-5C10-419C-910C-8BB1DF82FE68}.Release|Any CPU.ActiveCfg = Release|Any CPU
		{3DAAA8DB-5C10-419C-910C-8BB1DF82FE68}.Release|Any CPU.Build.0 = Release|Any CPU
	EndGlobalSection
	GlobalSection(SolutionProperties) = preSolution
		HideSolutionNode = FALSE
	EndGlobalSection
	GlobalSection(ExtensibilityGlobals) = postSolution
		SolutionGuid = {F819A939-2E65-49CB-A30F-F5D8E5A6F070}
	EndGlobalSection
EndGlobal
